
Microsoft Visual Studio Solution File, Format Version 12.00
Project("{FAE04EC0-301F-11D3-BF4B-00C04F79EFBC}") = "Corvida", "Corvida\Corvida\Corvida.csproj", "{BBAE6D8D-9DF2-413B-BBC6-6D4975728560}"
EndProject
Project("{FAE04EC0-301F-11D3-BF4B-00C04F79EFBC}") = "Corvida.Api", "Corvida.Api\Corvida.Api.csproj", "{AC7EBCD0-0C7D-42A6-B2C8-DEB702124B53}"
EndProject
Project("{FAE04EC0-301F-11D3-BF4B-00C04F79EFBC}") = "Corvida.Core", "Corvida.Core\Corvida.Core.csproj", "{57C21832-52E2-43F0-BE86-3B338E0F749E}"
EndProject
Project("{FAE04EC0-301F-11D3-BF4B-00C04F79EFBC}") = "Corvida.Mcp", "Corvida.Mcp\Corvida.Mcp.csproj", "{6979DD6B-CFD3-415A-8E27-92DF5975AA85}"
EndProject
Project("{FAE04EC0-301F-11D3-BF4B-00C04F79EFBC}") = "Corvida.AppHost", "Corvida.AppHost\Corvida.AppHost.csproj", "{EBE4E6AA-E012-4738-9A17-CB88161D18B3}"
EndProject
Project("{FAE04EC0-301F-11D3-BF4B-00C04F79EFBC}") = "Corvida.ServiceDefaults", "Corvida.ServiceDefaults\Corvida.ServiceDefaults.csproj", "{3527D601-D08E-4EAF-8742-EAACC7FC6650}"
EndProject
Project("{2150E333-8FDC-42A3-9474-1A3956D46DE8}") = "Desktop", "Desktop", "{63DCDC71-24A1-4D49-80A1-14481EFD7F0E}"
EndProject
Project("{2150E333-8FDC-42A3-9474-1A3956D46DE8}") = "Deployment", "Deployment", "{99227B1B-A2A2-4F47-BE45-A8F1D53591AC}"
EndProject
Project("{2150E333-8FDC-42A3-9474-1A3956D46DE8}") = "Services", "Services", "{9A6B9FE8-3D22-478D-A4EE-995A58976ACF}"
EndProject
Project("{2150E333-8FDC-42A3-9474-1A3956D46DE8}") = "Library", "Library", "{1C7315E1-9DC9-4BF8-A75C-F1CED920D710}"
EndProject
Project("{2150E333-8FDC-42A3-9474-1A3956D46DE8}") = "Tests", "Tests", "{0401C94C-516F-4BB0-8FB8-853D664CCE32}"
EndProject
Project("{FAE04EC0-301F-11D3-BF4B-00C04F79EFBC}") = "Corvida.Core.Tests", "Corvida.Core.Tests\Corvida.Core.Tests.csproj", "{6B1D8DA7-8836-422B-9357-F39DE07E4871}"
EndProject
Project("{FAE04EC0-301F-11D3-BF4B-00C04F79EFBC}") = "Corvida.Api.Tests", "Corvida.Api.Tests\Corvida.Api.Tests.csproj", "{C83BD00E-5783-4EBD-B84B-9B2F971366D3}"
EndProject
Global
	GlobalSection(SolutionConfigurationPlatforms) = preSolution
		Debug|Any CPU = Debug|Any CPU
		Release|Any CPU = Release|Any CPU
	EndGlobalSection
	GlobalSection(ProjectConfigurationPlatforms) = postSolution
		{BBAE6D8D-9DF2-413B-BBC6-6D4975728560}.Debug|Any CPU.ActiveCfg = Debug|Any CPU
		{BBAE6D8D-9DF2-413B-BBC6-6D4975728560}.Debug|Any CPU.Build.0 = Debug|Any CPU
		{BBAE6D8D-9DF2-413B-BBC6-6D4975728560}.Release|Any CPU.ActiveCfg = Release|Any CPU
		{BBAE6D8D-9DF2-413B-BBC6-6D4975728560}.Release|Any CPU.Build.0 = Release|Any CPU
		{AC7EBCD0-0C7D-42A6-B2C8-DEB702124B53}.Debug|Any CPU.ActiveCfg = Debug|Any CPU
		{AC7EBCD0-0C7D-42A6-B2C8-DEB702124B53}.Debug|Any CPU.Build.0 = Debug|Any CPU
		{AC7EBCD0-0C7D-42A6-B2C8-DEB702124B53}.Release|Any CPU.ActiveCfg = Release|Any CPU
		{AC7EBCD0-0C7D-42A6-B2C8-DEB702124B53}.Release|Any CPU.Build.0 = Release|Any CPU
		{57C21832-52E2-43F0-BE86-3B338E0F749E}.Debug|Any CPU.ActiveCfg = Debug|Any CPU
		{57C21832-52E2-43F0-BE86-3B338E0F749E}.Debug|Any CPU.Build.0 = Debug|Any CPU
		{57C21832-52E2-43F0-BE86-3B338E0F749E}.Release|Any CPU.ActiveCfg = Release|Any CPU
		{57C21832-52E2-43F0-BE86-3B338E0F749E}.Release|Any CPU.Build.0 = Release|Any CPU
		{6979DD6B-CFD3-415A-8E27-92DF5975AA85}.Debug|Any CPU.ActiveCfg = Debug|Any CPU
		{6979DD6B-CFD3-415A-8E27-92DF5975AA85}.Debug|Any CPU.Build.0 = Debug|Any CPU
		{6979DD6B-CFD3-415A-8E27-92DF5975AA85}.Release|Any CPU.ActiveCfg = Release|Any CPU
		{6979DD6B-CFD3-415A-8E27-92DF5975AA85}.Release|Any CPU.Build.0 = Release|Any CPU
		{EBE4E6AA-E012-4738-9A17-CB88161D18B3}.Debug|Any CPU.ActiveCfg = Debug|Any CPU
		{EBE4E6AA-E012-4738-9A17-CB88161D18B3}.Debug|Any CPU.Build.0 = Debug|Any CPU
		{EBE4E6AA-E012-4738-9A17-CB88161D18B3}.Release|Any CPU.ActiveCfg = Release|Any CPU
		{EBE4E6AA-E012-4738-9A17-CB88161D18B3}.Release|Any CPU.Build.0 = Release|Any CPU
		{3527D601-D08E-4EAF-8742-EAACC7FC6650}.Debug|Any CPU.ActiveCfg = Debug|Any CPU
		{3527D601-D08E-4EAF-8742-EAACC7FC6650}.Debug|Any CPU.Build.0 = Debug|Any CPU
		{3527D601-D08E-4EAF-8742-EAACC7FC6650}.Release|Any CPU.ActiveCfg = Release|Any CPU
		{3527D601-D08E-4EAF-8742-EAACC7FC6650}.Release|Any CPU.Build.0 = Release|Any CPU
		{6B1D8DA7-8836-422B-9357-F39DE07E4871}.Debug|Any CPU.ActiveCfg = Debug|Any CPU
		{6B1D8DA7-8836-422B-9357-F39DE07E4871}.Debug|Any CPU.Build.0 = Debug|Any CPU
		{6B1D8DA7-8836-422B-9357-F39DE07E4871}.Release|Any CPU.ActiveCfg = Release|Any CPU
		{6B1D8DA7-8836-422B-9357-F39DE07E4871}.Release|Any CPU.Build.0 = Release|Any CPU
		{C83BD00E-5783-4EBD-B84B-9B2F971366D3}.Debug|Any CPU.ActiveCfg = Debug|Any CPU
		{C83BD00E-5783-4EBD-B84B-9B2F971366D3}.Debug|Any CPU.Build.0 = Debug|Any CPU
		{C83BD00E-5783-4EBD-B84B-9B2F971366D3}.Release|Any CPU.ActiveCfg = Release|Any CPU
		{C83BD00E-5783-4EBD-B84B-9B2F971366D3}.Release|Any CPU.Build.0 = Release|Any CPU
	EndGlobalSection
	GlobalSection(NestedProjects) = preSolution
		{BBAE6D8D-9DF2-413B-BBC6-6D4975728560} = {63DCDC71-24A1-4D49-80A1-14481EFD7F0E}
		{AC7EBCD0-0C7D-42A6-B2C8-DEB702124B53} = {9A6B9FE8-3D22-478D-A4EE-995A58976ACF}
		{EBE4E6AA-E012-4738-9A17-CB88161D18B3} = {99227B1B-A2A2-4F47-BE45-A8F1D53591AC}
		{57C21832-52E2-43F0-BE86-3B338E0F749E} = {1C7315E1-9DC9-4BF8-A75C-F1CED920D710}
		{6979DD6B-CFD3-415A-8E27-92DF5975AA85} = {9A6B9FE8-3D22-478D-A4EE-995A58976ACF}
		{3527D601-D08E-4EAF-8742-EAACC7FC6650} = {1C7315E1-9DC9-4BF8-A75C-F1CED920D710}
		{6B1D8DA7-8836-422B-9357-F39DE07E4871} = {0401C94C-516F-4BB0-8FB8-853D664CCE32}
		{C83BD00E-5783-4EBD-B84B-9B2F971366D3} = {0401C94C-516F-4BB0-8FB8-853D664CCE32}
	EndGlobalSection
EndGlobal
